
Microsoft Visual Studio Solution File, Format Version 12.00
# Visual Studio Version 17
VisualStudioVersion = 17.9.34622.214
MinimumVisualStudioVersion = 10.0.40219.1
Project("{FAE04EC0-301F-11D3-BF4B-00C04F79EFBC}") = "CheckoutKata", "CheckoutKata.csproj", "{7015508C-4D18-41EC-B0F2-9841D6160240}"
EndProject
Project("{FAE04EC0-301F-11D3-BF4B-00C04F79EFBC}") = "CheckoutKataTest", "..\CheckoutKataTest\CheckoutKataTest.csproj", "{342716EC-3343-4810-911E-49B917262C77}"
EndProject
Global
	GlobalSection(SolutionConfigurationPlatforms) = preSolution
		Debug|Any CPU = Debug|Any CPU
		Release|Any CPU = Release|Any CPU
	EndGlobalSection
	GlobalSection(ProjectConfigurationPlatforms) = postSolution
		{7015508C-4D18-41EC-B0F2-9841D6160240}.Debug|Any CPU.ActiveCfg = Debug|Any CPU
		{7015508C-4D18-41EC-B0F2-9841D6160240}.Debug|Any CPU.Build.0 = Debug|Any CPU
		{7015508C-4D18-41EC-B0F2-9841D6160240}.Release|Any CPU.ActiveCfg = Release|Any CPU
		{7015508C-4D18-41EC-B0F2-9841D6160240}.Release|Any CPU.Build.0 = Release|Any CPU
		{342716EC-3343-4810-911E-49B917262C77}.Debug|Any CPU.ActiveCfg = Debug|Any CPU
		{342716EC-3343-4810-911E-49B917262C77}.Debug|Any CPU.Build.0 = Debug|Any CPU
		{342716EC-3343-4810-911E-49B917262C77}.Release|Any CPU.ActiveCfg = Release|Any CPU
		{342716EC-3343-4810-911E-49B917262C77}.Release|Any CPU.Build.0 = Release|Any CPU
	EndGlobalSection
	GlobalSection(SolutionProperties) = preSolution
		HideSolutionNode = FALSE
	EndGlobalSection
	GlobalSection(ExtensibilityGlobals) = postSolution
		SolutionGuid = {28FDC235-BAD1-4108-983D-07C0AA3C20DA}
	EndGlobalSection
EndGlobal
